
Microsoft Visual Studio Solution File, Format Version 12.00
# Visual Studio Version 16
VisualStudioVersion = 16.0.29025.244
MinimumVisualStudioVersion = 10.0.40219.1
Project("{9A19103F-16F7-4668-BE54-9A1E7A4F7556}") = "ConsoleApp1", "ConsoleApp1.csproj", "{45DA01A3-0327-42F3-818C-30C66F236E0C}"
EndProject
Project("{FAE04EC0-301F-11D3-BF4B-00C04F79EFBC}") = "Lsits", "..\Lsits\Lsits.csproj", "{C5950D5A-73B9-4058-A567-2D34BC192AAF}"
EndProject
Project("{FAE04EC0-301F-11D3-BF4B-00C04F79EFBC}") = "Loopy", "..\Loopy\Loopy.csproj", "{B6C1D4FA-86A8-4E86-A705-41EAAB96D384}"
EndProject
Global
	GlobalSection(SolutionConfigurationPlatforms) = preSolution
		Debug|Any CPU = Debug|Any CPU
		Release|Any CPU = Release|Any CPU
	EndGlobalSection
	GlobalSection(ProjectConfigurationPlatforms) = postSolution
		{45DA01A3-0327-42F3-818C-30C66F236E0C}.Debug|Any CPU.ActiveCfg = Debug|Any CPU
		{45DA01A3-0327-42F3-818C-30C66F236E0C}.Debug|Any CPU.Build.0 = Debug|Any CPU
		{45DA01A3-0327-42F3-818C-30C66F236E0C}.Release|Any CPU.ActiveCfg = Release|Any CPU
		{45DA01A3-0327-42F3-818C-30C66F236E0C}.Release|Any CPU.Build.0 = Release|Any CPU
		{C5950D5A-73B9-4058-A567-2D34BC192AAF}.Debug|Any CPU.ActiveCfg = Debug|Any CPU
		{C5950D5A-73B9-4058-A567-2D34BC192AAF}.Debug|Any CPU.Build.0 = Debug|Any CPU
		{C5950D5A-73B9-4058-A567-2D34BC192AAF}.Release|Any CPU.ActiveCfg = Release|Any CPU
		{C5950D5A-73B9-4058-A567-2D34BC192AAF}.Release|Any CPU.Build.0 = Release|Any CPU
		{B6C1D4FA-86A8-4E86-A705-41EAAB96D384}.Debug|Any CPU.ActiveCfg = Debug|Any CPU
		{B6C1D4FA-86A8-4E86-A705-41EAAB96D384}.Debug|Any CPU.Build.0 = Debug|Any CPU
		{B6C1D4FA-86A8-4E86-A705-41EAAB96D384}.Release|Any CPU.ActiveCfg = Release|Any CPU
		{B6C1D4FA-86A8-4E86-A705-41EAAB96D384}.Release|Any CPU.Build.0 = Release|Any CPU
	EndGlobalSection
	GlobalSection(SolutionProperties) = preSolution
		HideSolutionNode = FALSE
	EndGlobalSection
	GlobalSection(ExtensibilityGlobals) = postSolution
		SolutionGuid = {7786FDDB-B536-4AE2-9920-DC730A51098F}
	EndGlobalSection
EndGlobal
